
Microsoft Visual Studio Solution File, Format Version 12.00
# Visual Studio 15
VisualStudioVersion = 15.0.26730.16
MinimumVisualStudioVersion = 10.0.40219.1
Project("{FAE04EC0-301F-11D3-BF4B-00C04F79EFBC}") = "Orquestador", "Orquestador\Orquestador.csproj", "{FA34F857-ED61-41BE-A562-DE63DA1761CD}"
EndProject
Global
	GlobalSection(SolutionConfigurationPlatforms) = preSolution
		Debug|Any CPU = Debug|Any CPU
		Release|Any CPU = Release|Any CPU
	EndGlobalSection
	GlobalSection(ProjectConfigurationPlatforms) = postSolution
		{FA34F857-ED61-41BE-A562-DE63DA1761CD}.Debug|Any CPU.ActiveCfg = Debug|Any CPU
		{FA34F857-ED61-41BE-A562-DE63DA1761CD}.Debug|Any CPU.Build.0 = Debug|Any CPU
		{FA34F857-ED61-41BE-A562-DE63DA1761CD}.Release|Any CPU.ActiveCfg = Release|Any CPU
		{FA34F857-ED61-41BE-A562-DE63DA1761CD}.Release|Any CPU.Build.0 = Release|Any CPU
	EndGlobalSection
	GlobalSection(SolutionProperties) = preSolution
		HideSolutionNode = FALSE
	EndGlobalSection
	GlobalSection(ExtensibilityGlobals) = postSolution
		SolutionGuid = {D3E66CFB-7E40-4EE2-B111-1CBDD1B425EF}
	EndGlobalSection
EndGlobal
